
Microsoft Visual Studio Solution File, Format Version 12.00
# Visual Studio 15
VisualStudioVersion = 15.0.28010.2046
MinimumVisualStudioVersion = 10.0.40219.1
Project("{FAE04EC0-301F-11D3-BF4B-00C04F79EFBC}") = "AutoFacTest", "AutoFacTest\AutoFacTest.csproj", "{B483E5DA-E81B-4624-A9C1-93C4EA2DDE28}"
EndProject
Global
	GlobalSection(SolutionConfigurationPlatforms) = preSolution
		Debug|Any CPU = Debug|Any CPU
		Release|Any CPU = Release|Any CPU
	EndGlobalSection
	GlobalSection(ProjectConfigurationPlatforms) = postSolution
		{B483E5DA-E81B-4624-A9C1-93C4EA2DDE28}.Debug|Any CPU.ActiveCfg = Debug|Any CPU
		{B483E5DA-E81B-4624-A9C1-93C4EA2DDE28}.Debug|Any CPU.Build.0 = Debug|Any CPU
		{B483E5DA-E81B-4624-A9C1-93C4EA2DDE28}.Release|Any CPU.ActiveCfg = Release|Any CPU
		{B483E5DA-E81B-4624-A9C1-93C4EA2DDE28}.Release|Any CPU.Build.0 = Release|Any CPU
	EndGlobalSection
	GlobalSection(SolutionProperties) = preSolution
		HideSolutionNode = FALSE
	EndGlobalSection
	GlobalSection(ExtensibilityGlobals) = postSolution
		SolutionGuid = {4F59BCDD-9687-4610-9835-5D3763F33FEE}
	EndGlobalSection
EndGlobal
